
Microsoft Visual Studio Solution File, Format Version 12.00
# Visual Studio 14
VisualStudioVersion = 14.0.25420.1
MinimumVisualStudioVersion = 10.0.40219.1
Project("{FAE04EC0-301F-11D3-BF4B-00C04F79EFBC}") = "IndianDanceForms", "IndianDanceForms\IndianDanceForms.csproj", "{C83DF4A7-40D4-4512-ADB1-C9B0DBD353EA}"
EndProject
Global
	GlobalSection(SolutionConfigurationPlatforms) = preSolution
		Debug|Any CPU = Debug|Any CPU
		Release|Any CPU = Release|Any CPU
	EndGlobalSection
	GlobalSection(ProjectConfigurationPlatforms) = postSolution
		{C83DF4A7-40D4-4512-ADB1-C9B0DBD353EA}.Debug|Any CPU.ActiveCfg = Debug|Any CPU
		{C83DF4A7-40D4-4512-ADB1-C9B0DBD353EA}.Debug|Any CPU.Build.0 = Debug|Any CPU
		{C83DF4A7-40D4-4512-ADB1-C9B0DBD353EA}.Release|Any CPU.ActiveCfg = Release|Any CPU
		{C83DF4A7-40D4-4512-ADB1-C9B0DBD353EA}.Release|Any CPU.Build.0 = Release|Any CPU
	EndGlobalSection
	GlobalSection(SolutionProperties) = preSolution
		HideSolutionNode = FALSE
	EndGlobalSection
EndGlobal
